
Microsoft Visual Studio Solution File, Format Version 12.00
# Visual Studio Version 16
VisualStudioVersion = 16.0.31112.23
MinimumVisualStudioVersion = 10.0.40219.1
Project("{8BC9CEB8-8B4A-11D0-8D11-00A0C91BC942}") = "MFCApplication2", "MFCApplication2\MFCApplication2.vcxproj", "{F57B65DD-C5F7-4290-AB25-DD9D53048CBE}"
EndProject
Global
	GlobalSection(SolutionConfigurationPlatforms) = preSolution
		Debug|x64 = Debug|x64
		Debug|x86 = Debug|x86
		Release|x64 = Release|x64
		Release|x86 = Release|x86
	EndGlobalSection
	GlobalSection(ProjectConfigurationPlatforms) = postSolution
		{F57B65DD-C5F7-4290-AB25-DD9D53048CBE}.Debug|x64.ActiveCfg = Debug|x64
		{F57B65DD-C5F7-4290-AB25-DD9D53048CBE}.Debug|x64.Build.0 = Debug|x64
		{F57B65DD-C5F7-4290-AB25-DD9D53048CBE}.Debug|x86.ActiveCfg = Debug|Win32
		{F57B65DD-C5F7-4290-AB25-DD9D53048CBE}.Debug|x86.Build.0 = Debug|Win32
		{F57B65DD-C5F7-4290-AB25-DD9D53048CBE}.Release|x64.ActiveCfg = Release|x64
		{F57B65DD-C5F7-4290-AB25-DD9D53048CBE}.Release|x64.Build.0 = Release|x64
		{F57B65DD-C5F7-4290-AB25-DD9D53048CBE}.Release|x86.ActiveCfg = Release|Win32
		{F57B65DD-C5F7-4290-AB25-DD9D53048CBE}.Release|x86.Build.0 = Release|Win32
	EndGlobalSection
	GlobalSection(SolutionProperties) = preSolution
		HideSolutionNode = FALSE
	EndGlobalSection
	GlobalSection(ExtensibilityGlobals) = postSolution
		SolutionGuid = {644744A6-7D3D-448C-827E-2CA4ACECCA67}
	EndGlobalSection
EndGlobal
